
Microsoft Visual Studio Solution File, Format Version 11.00
# Visual Studio 2010
Project("{FAE04EC0-301F-11D3-BF4B-00C04F79EFBC}") = "DesignPatterns", "DesignPatterns\DesignPatterns.csproj", "{74B3F798-4590-4571-8C05-2D7CC49B3430}"
EndProject
Project("{2150E333-8FDC-42A3-9474-1A3956D46DE8}") = "Folder Patterns", "Folder Patterns", "{5FCD1ED6-EC82-4BDB-918D-E442CB1011D2}"
	ProjectSection(SolutionItems) = preProject
		FolderPattern.txt = FolderPattern.txt
		Object Oriented Toolkit.txt = Object Oriented Toolkit.txt
		Statement.txt = Statement.txt
	EndProjectSection
EndProject
Global
	GlobalSection(SolutionConfigurationPlatforms) = preSolution
		Debug|Any CPU = Debug|Any CPU
		Release|Any CPU = Release|Any CPU
	EndGlobalSection
	GlobalSection(ProjectConfigurationPlatforms) = postSolution
		{74B3F798-4590-4571-8C05-2D7CC49B3430}.Debug|Any CPU.ActiveCfg = Debug|Any CPU
		{74B3F798-4590-4571-8C05-2D7CC49B3430}.Debug|Any CPU.Build.0 = Debug|Any CPU
		{74B3F798-4590-4571-8C05-2D7CC49B3430}.Release|Any CPU.ActiveCfg = Release|Any CPU
		{74B3F798-4590-4571-8C05-2D7CC49B3430}.Release|Any CPU.Build.0 = Release|Any CPU
	EndGlobalSection
	GlobalSection(SolutionProperties) = preSolution
		HideSolutionNode = FALSE
	EndGlobalSection
EndGlobal
